// !$*UTF8*$!
{
	archiveVersion = 1;
	classes = {
	};
	objectVersion = 50;
	objects = {

/* Begin PBXBuildFile section */
		AD0778D526D9338600B8F9F6 /* AppDelegate.swift in Sources */ = {isa = PBXBuildFile; fileRef = AD0778D426D9338600B8F9F6 /* AppDelegate.swift */; };
		AD0778D726D9338600B8F9F6 /* SceneDelegate.swift in Sources */ = {isa = PBXBuildFile; fileRef = AD0778D626D9338600B8F9F6 /* SceneDelegate.swift */; };
		AD0778D926D9338600B8F9F6 /* ViewController.swift in Sources */ = {isa = PBXBuildFile; fileRef = AD0778D826D9338600B8F9F6 /* ViewController.swift */; };
		AD0778DC26D9338600B8F9F6 /* Main.storyboard in Resources */ = {isa = PBXBuildFile; fileRef = AD0778DA26D9338600B8F9F6 /* Main.storyboard */; };
		AD0778DE26D9338700B8F9F6 /* Assets.xcassets in Resources */ = {isa = PBXBuildFile; fileRef = AD0778DD26D9338700B8F9F6 /* Assets.xcassets */; };
		AD0778E126D9338700B8F9F6 /* LaunchScreen.storyboard in Resources */ = {isa = PBXBuildFile; fileRef = AD0778DF26D9338700B8F9F6 /* LaunchScreen.storyboard */; };
		AD0778EC26D9338700B8F9F6 /* preworkTests.swift in Sources */ = {isa = PBXBuildFile; fileRef = AD0778EB26D9338700B8F9F6 /* preworkTests.swift */; };
		AD0778F726D9338700B8F9F6 /* preworkUITests.swift in Sources */ = {isa = PBXBuildFile; fileRef = AD0778F626D9338700B8F9F6 /* preworkUITests.swift */; };
		AD07790526D93BDA00B8F9F6 /* SettingsViewController.swift in Sources */ = {isa = PBXBuildFile; fileRef = AD07790426D93BDA00B8F9F6 /* SettingsViewController.swift */; };
/* End PBXBuildFile section */

/* Begin PBXContainerItemProxy section */
		AD0778E826D9338700B8F9F6 /* PBXContainerItemProxy */ = {
			isa = PBXContainerItemProxy;
			containerPortal = AD0778C926D9338600B8F9F6 /* Project object */;
			proxyType = 1;
			remoteGlobalIDString = AD0778D026D9338600B8F9F6;
			remoteInfo = prework;
		};
		AD0778F326D9338700B8F9F6 /* PBXContainerItemProxy */ = {
			isa = PBXContainerItemProxy;
			containerPortal = AD0778C926D9338600B8F9F6 /* Project object */;
			proxyType = 1;
			remoteGlobalIDString = AD0778D026D9338600B8F9F6;
			remoteInfo = prework;
		};
/* End PBXContainerItemProxy section */

/* Begin PBXFileReference section */
		AD0778D126D9338600B8F9F6 /* prework.app */ = {isa = PBXFileReference; explicitFileType = wrapper.application; includeInIndex = 0; path = prework.app; sourceTree = BUILT_PRODUCTS_DIR; };
		AD0778D426D9338600B8F9F6 /* AppDelegate.swift */ = {isa = PBXFileReference; lastKnownFileType = sourcecode.swift; path = AppDelegate.swift; sourceTree = "<group>"; };
		AD0778D626D9338600B8F9F6 /* SceneDelegate.swift */ = {isa = PBXFileReference; lastKnownFileType = sourcecode.swift; path = SceneDelegate.swift; sourceTree = "<group>"; };
		AD0778D826D9338600B8F9F6 /* ViewController.swift */ = {isa = PBXFileReference; lastKnownFileType = sourcecode.swift; path = ViewController.swift; sourceTree = "<group>"; };
		AD0778DB26D9338600B8F9F6 /* Base */ = {isa = PBXFileReference; lastKnownFileType = file.storyboard; name = Base; path = Base.lproj/Main.storyboard; sourceTree = "<group>"; };
		AD0778DD26D9338700B8F9F6 /* Assets.xcassets */ = {isa = PBXFileReference; lastKnownFileType = folder.assetcatalog; path = Assets.xcassets; sourceTree = "<group>"; };
		AD0778E026D9338700B8F9F6 /* Base */ = {isa = PBXFileReference; lastKnownFileType = file.storyboard; name = Base; path = Base.lproj/LaunchScreen.storyboard; sourceTree = "<group>"; };
		AD0778E226D9338700B8F9F6 /* Info.plist */ = {isa = PBXFileReference; lastKnownFileType = text.plist.xml; path = Info.plist; sourceTree = "<group>"; };
		AD0778E726D9338700B8F9F6 /* preworkTests.xctest */ = {isa = PBXFileReference; explicitFileType = wrapper.cfbundle; includeInIndex = 0; path = preworkTests.xctest; sourceTree = BUILT_PRODUCTS_DIR; };
		AD0778EB26D9338700B8F9F6 /* preworkTests.swift */ = {isa = PBXFileReference; lastKnownFileType = sourcecode.swift; path = preworkTests.swift; sourceTree = "<group>"; };
		AD0778ED26D9338700B8F9F6 /* Info.plist */ = {isa = PBXFileReference; lastKnownFileType = text.plist.xml; path = Info.plist; sourceTree = "<group>"; };
		AD0778F226D9338700B8F9F6 /* preworkUITests.xctest */ = {isa = PBXFileReference; explicitFileType = wrapper.cfbundle; includeInIndex = 0; path = preworkUITests.xctest; sourceTree = BUILT_PRODUCTS_DIR; };
		AD0778F626D9338700B8F9F6 /* preworkUITests.swift */ = {isa = PBXFileReference; lastKnownFileType = sourcecode.swift; path = preworkUITests.swift; sourceTree = "<group>"; };
		AD0778F826D9338700B8F9F6 /* Info.plist */ = {isa = PBXFileReference; lastKnownFileType = text.plist.xml; path = Info.plist; sourceTree = "<group>"; };
		AD07790426D93BDA00B8F9F6 /* SettingsViewController.swift */ = {isa = PBXFileReference; lastKnownFileType = sourcecode.swift; path = SettingsViewController.swift; sourceTree = "<group>"; };
/* End PBXFileReference section */

/* Begin PBXFrameworksBuildPhase section */
		AD0778CE26D9338600B8F9F6 /* Frameworks */ = {
			isa = PBXFrameworksBuildPhase;
			buildActionMask = 2147483647;
			files = (
			);
			runOnlyForDeploymentPostprocessing = 0;
		};
		AD0778E426D9338700B8F9F6 /* Frameworks */ = {
			isa = PBXFrameworksBuildPhase;
			buildActionMask = 2147483647;
			files = (
			);
			runOnlyForDeploymentPostprocessing = 0;
		};
		AD0778EF26D9338700B8F9F6 /* Frameworks */ = {
			isa = PBXFrameworksBuildPhase;
			buildActionMask = 2147483647;
			files = (
			);
			runOnlyForDeploymentPostprocessing = 0;
		};
/* End PBXFrameworksBuildPhase section */

/* Begin PBXGroup section */
		AD0778C826D9338600B8F9F6 = {
			isa = PBXGroup;
			children = (
				AD0778D326D9338600B8F9F6 /* prework */,
				AD0778EA26D9338700B8F9F6 /* preworkTests */,
				AD0778F526D9338700B8F9F6 /* preworkUITests */,
				AD0778D226D9338600B8F9F6 /* Products */,
			);
			sourceTree = "<group>";
		};
		AD0778D226D9338600B8F9F6 /* Products */ = {
			isa = PBXGroup;
			children = (
				AD0778D126D9338600B8F9F6 /* prework.app */,
				AD0778E726D9338700B8F9F6 /* preworkTests.xctest */,
				AD0778F226D9338700B8F9F6 /* preworkUITests.xctest */,
			);
			name = Products;
			sourceTree = "<group>";
		};
		AD0778D326D9338600B8F9F6 /* prework */ = {
			isa = PBXGroup;
			children = (
				AD0778D426D9338600B8F9F6 /* AppDelegate.swift */,
				AD0778D626D9338600B8F9F6 /* SceneDelegate.swift */,
				AD0778D826D9338600B8F9F6 /* ViewController.swift */,
				AD0778DA26D9338600B8F9F6 /* Main.storyboard */,
				AD07790426D93BDA00B8F9F6 /* SettingsViewController.swift */,
				AD0778DD26D9338700B8F9F6 /* Assets.xcassets */,
				AD0778DF26D9338700B8F9F6 /* LaunchScreen.storyboard */,
				AD0778E226D9338700B8F9F6 /* Info.plist */,
			);
			path = prework;
			sourceTree = "<group>";
		};
		AD0778EA26D9338700B8F9F6 /* preworkTests */ = {
			isa = PBXGroup;
			children = (
				AD0778EB26D9338700B8F9F6 /* preworkTests.swift */,
				AD0778ED26D9338700B8F9F6 /* Info.plist */,
			);
			path = preworkTests;
			sourceTree = "<group>";
		};
		AD0778F526D9338700B8F9F6 /* preworkUITests */ = {
			isa = PBXGroup;
			children = (
				AD0778F626D9338700B8F9F6 /* preworkUITests.swift */,
				AD0778F826D9338700B8F9F6 /* Info.plist */,
			);
			path = preworkUITests;
			sourceTree = "<group>";
		};
/* End PBXGroup section */

/* Begin PBXNativeTarget section */
		AD0778D026D9338600B8F9F6 /* prework */ = {
			isa = PBXNativeTarget;
			buildConfigurationList = AD0778FB26D9338700B8F9F6 /* Build configuration list for PBXNativeTarget "prework" */;
			buildPhases = (
				AD0778CD26D9338600B8F9F6 /* Sources */,
				AD0778CE26D9338600B8F9F6 /* Frameworks */,
				AD0778CF26D9338600B8F9F6 /* Resources */,
			);
			buildRules = (
			);
			dependencies = (
			);
			name = prework;
			productName = prework;
			productReference = AD0778D126D9338600B8F9F6 /* prework.app */;
			productType = "com.apple.product-type.application";
		};
		AD0778E626D9338700B8F9F6 /* preworkTests */ = {
			isa = PBXNativeTarget;
			buildConfigurationList = AD0778FE26D9338700B8F9F6 /* Build configuration list for PBXNativeTarget "preworkTests" */;
			buildPhases = (
				AD0778E326D9338700B8F9F6 /* Sources */,
				AD0778E426D9338700B8F9F6 /* Frameworks */,
				AD0778E526D9338700B8F9F6 /* Resources */,
			);
			buildRules = (
			);
			dependencies = (
				AD0778E926D9338700B8F9F6 /* PBXTargetDependency */,
			);
			name = preworkTests;
			productName = preworkTests;
			productReference = AD0778E726D9338700B8F9F6 /* preworkTests.xctest */;
			productType = "com.apple.product-type.bundle.unit-test";
		};
		AD0778F126D9338700B8F9F6 /* preworkUITests */ = {
			isa = PBXNativeTarget;
			buildConfigurationList = AD07790126D9338700B8F9F6 /* Build configuration list for PBXNativeTarget "preworkUITests" */;
			buildPhases = (
				AD0778EE26D9338700B8F9F6 /* Sources */,
				AD0778EF26D9338700B8F9F6 /* Frameworks */,
				AD0778F026D9338700B8F9F6 /* Resources */,
			);
			buildRules = (
			);
			dependencies = (
				AD0778F426D9338700B8F9F6 /* PBXTargetDependency */,
			);
			name = preworkUITests;
			productName = preworkUITests;
			productReference = AD0778F226D9338700B8F9F6 /* preworkUITests.xctest */;
			productType = "com.apple.product-type.bundle.ui-testing";
		};
/* End PBXNativeTarget section */

/* Begin PBXProject section */
		AD0778C926D9338600B8F9F6 /* Project object */ = {
			isa = PBXProject;
			attributes = {
				LastSwiftUpdateCheck = 1250;
				LastUpgradeCheck = 1250;
				TargetAttributes = {
					AD0778D026D9338600B8F9F6 = {
						CreatedOnToolsVersion = 12.5.1;
					};
					AD0778E626D9338700B8F9F6 = {
						CreatedOnToolsVersion = 12.5.1;
						TestTargetID = AD0778D026D9338600B8F9F6;
					};
					AD0778F126D9338700B8F9F6 = {
						CreatedOnToolsVersion = 12.5.1;
						TestTargetID = AD0778D026D9338600B8F9F6;
					};
				};
			};
			buildConfigurationList = AD0778CC26D9338600B8F9F6 /* Build configuration list for PBXProject "prework" */;
			compatibilityVersion = "Xcode 9.3";
			developmentRegion = en;
			hasScannedForEncodings = 0;
			knownRegions = (
				en,
				Base,
			);
			mainGroup = AD0778C826D9338600B8F9F6;
			productRefGroup = AD0778D226D9338600B8F9F6 /* Products */;
			projectDirPath = "";
			projectRoot = "";
			targets = (
				AD0778D026D9338600B8F9F6 /* prework */,
				AD0778E626D9338700B8F9F6 /* preworkTests */,
				AD0778F126D9338700B8F9F6 /* preworkUITests */,
			);
		};
/* End PBXProject section */

/* Begin PBXResourcesBuildPhase section */
		AD0778CF26D9338600B8F9F6 /* Resources */ = {
			isa = PBXResourcesBuildPhase;
			buildActionMask = 2147483647;
			files = (
				AD0778E126D9338700B8F9F6 /* LaunchScreen.storyboard in Resources */,
				AD0778DE26D9338700B8F9F6 /* Assets.xcassets in Resources */,
				AD0778DC26D9338600B8F9F6 /* Main.storyboard in Resources */,
			);
			runOnlyForDeploymentPostprocessing = 0;
		};
		AD0778E526D9338700B8F9F6 /* Resources */ = {
			isa = PBXResourcesBuildPhase;
			buildActionMask = 2147483647;
			files = (
			);
			runOnlyForDeploymentPostprocessing = 0;
		};
		AD0778F026D9338700B8F9F6 /* Resources */ = {
			isa = PBXResourcesBuildPhase;
			buildActionMask = 2147483647;
			files = (
			);
			runOnlyForDeploymentPostprocessing = 0;
		};
/* End PBXResourcesBuildPhase section */

/* Begin PBXSourcesBuildPhase section */
		AD0778CD26D9338600B8F9F6 /* Sources */ = {
			isa = PBXSourcesBuildPhase;
			buildActionMask = 2147483647;
			files = (
				AD0778D926D9338600B8F9F6 /* ViewController.swift in Sources */,
				AD0778D526D9338600B8F9F6 /* AppDelegate.swift in Sources */,
				AD0778D726D9338600B8F9F6 /* SceneDelegate.swift in Sources */,
				AD07790526D93BDA00B8F9F6 /* SettingsViewController.swift in Sources */,
			);
			runOnlyForDeploymentPostprocessing = 0;
		};
		AD0778E326D9338700B8F9F6 /* Sources */ = {
			isa = PBXSourcesBuildPhase;
			buildActionMask = 2147483647;
			files = (
				AD0778EC26D9338700B8F9F6 /* preworkTests.swift in Sources */,
			);
			runOnlyForDeploymentPostprocessing = 0;
		};
		AD0778EE26D9338700B8F9F6 /* Sources */ = {
			isa = PBXSourcesBuildPhase;
			buildActionMask = 2147483647;
			files = (
				AD0778F726D9338700B8F9F6 /* preworkUITests.swift in Sources */,
			);
			runOnlyForDeploymentPostprocessing = 0;
		};
/* End PBXSourcesBuildPhase section */

/* Begin PBXTargetDependency section */
		AD0778E926D9338700B8F9F6 /* PBXTargetDependency */ = {
			isa = PBXTargetDependency;
			target = AD0778D026D9338600B8F9F6 /* prework */;
			targetProxy = AD0778E826D9338700B8F9F6 /* PBXContainerItemProxy */;
		};
		AD0778F426D9338700B8F9F6 /* PBXTargetDependency */ = {
			isa = PBXTargetDependency;
			target = AD0778D026D9338600B8F9F6 /* prework */;
			targetProxy = AD0778F326D9338700B8F9F6 /* PBXContainerItemProxy */;
		};
/* End PBXTargetDependency section */

/* Begin PBXVariantGroup section */
		AD0778DA26D9338600B8F9F6 /* Main.storyboard */ = {
			isa = PBXVariantGroup;
			children = (
				AD0778DB26D9338600B8F9F6 /* Base */,
			);
			name = Main.storyboard;
			sourceTree = "<group>";
		};
		AD0778DF26D9338700B8F9F6 /* LaunchScreen.storyboard */ = {
			isa = PBXVariantGroup;
			children = (
				AD0778E026D9338700B8F9F6 /* Base */,
			);
			name = LaunchScreen.storyboard;
			sourceTree = "<group>";
		};
/* End PBXVariantGroup section */

/* Begin XCBuildConfiguration section */
		AD0778F926D9338700B8F9F6 /* Debug */ = {
			isa = XCBuildConfiguration;
			buildSettings = {
				ALWAYS_SEARCH_USER_PATHS = NO;
				CLANG_ANALYZER_NONNULL = YES;
				CLANG_ANALYZER_NUMBER_OBJECT_CONVERSION = YES_AGGRESSIVE;
				CLANG_CXX_LANGUAGE_STANDARD = "gnu++14";
				CLANG_CXX_LIBRARY = "libc++";
				CLANG_ENABLE_MODULES = YES;
				CLANG_ENABLE_OBJC_ARC = YES;
				CLANG_ENABLE_OBJC_WEAK = YES;
				CLANG_WARN_BLOCK_CAPTURE_AUTORELEASING = YES;
				CLANG_WARN_BOOL_CONVERSION = YES;
				CLANG_WARN_COMMA = YES;
				CLANG_WARN_CONSTANT_CONVERSION = YES;
				CLANG_WARN_DEPRECATED_OBJC_IMPLEMENTATIONS = YES;
				CLANG_WARN_DIRECT_OBJC_ISA_USAGE = YES_ERROR;
				CLANG_WARN_DOCUMENTATION_COMMENTS = YES;
				CLANG_WARN_EMPTY_BODY = YES;
				CLANG_WARN_ENUM_CONVERSION = YES;
				CLANG_WARN_INFINITE_RECURSION = YES;
				CLANG_WARN_INT_CONVERSION = YES;
				CLANG_WARN_NON_LITERAL_NULL_CONVERSION = YES;
				CLANG_WARN_OBJC_IMPLICIT_RETAIN_SELF = YES;
				CLANG_WARN_OBJC_LITERAL_CONVERSION = YES;
				CLANG_WARN_OBJC_ROOT_CLASS = YES_ERROR;
				CLANG_WARN_QUOTED_INCLUDE_IN_FRAMEWORK_HEADER = YES;
				CLANG_WARN_RANGE_LOOP_ANALYSIS = YES;
				CLANG_WARN_STRICT_PROTOTYPES = YES;
				CLANG_WARN_SUSPICIOUS_MOVE = YES;
				CLANG_WARN_UNGUARDED_AVAILABILITY = YES_AGGRESSIVE;
				CLANG_WARN_UNREACHABLE_CODE = YES;
				CLANG_WARN__DUPLICATE_METHOD_MATCH = YES;
				COPY_PHASE_STRIP = NO;
				DEBUG_INFORMATION_FORMAT = dwarf;
				ENABLE_STRICT_OBJC_MSGSEND = YES;
				ENABLE_TESTABILITY = YES;
				GCC_C_LANGUAGE_STANDARD = gnu11;
				GCC_DYNAMIC_NO_PIC = NO;
				GCC_NO_COMMON_BLOCKS = YES;
				GCC_OPTIMIZATION_LEVEL = 0;
				GCC_PREPROCESSOR_DEFINITIONS = (
					"DEBUG=1",
					"$(inherited)",
				);
				GCC_WARN_64_TO_32_BIT_CONVERSION = YES;
				GCC_WARN_ABOUT_RETURN_TYPE = YES_ERROR;
				GCC_WARN_UNDECLARED_SELECTOR = YES;
				GCC_WARN_UNINITIALIZED_AUTOS = YES_AGGRESSIVE;
				GCC_WARN_UNUSED_FUNCTION = YES;
				GCC_WARN_UNUSED_VARIABLE = YES;
				IPHONEOS_DEPLOYMENT_TARGET = 14.5;
				MTL_ENABLE_DEBUG_INFO = INCLUDE_SOURCE;
				MTL_FAST_MATH = YES;
				ONLY_ACTIVE_ARCH = YES;
				SDKROOT = iphoneos;
				SWIFT_ACTIVE_COMPILATION_CONDITIONS = DEBUG;
				SWIFT_OPTIMIZATION_LEVEL = "-Onone";
			};
			name = Debug;
		};
		AD0778FA26D9338700B8F9F6 /* Release */ = {
			isa = XCBuildConfiguration;
			buildSettings = {
				ALWAYS_SEARCH_USER_PATHS = NO;
				CLANG_ANALYZER_NONNULL = YES;
				CLANG_ANALYZER_NUMBER_OBJECT_CONVERSION = YES_AGGRESSIVE;
				CLANG_CXX_LANGUAGE_STANDARD = "gnu++14";
				CLANG_CXX_LIBRARY = "libc++";
				CLANG_ENABLE_MODULES = YES;
				CLANG_ENABLE_OBJC_ARC = YES;
				CLANG_ENABLE_OBJC_WEAK = YES;
				CLANG_WARN_BLOCK_CAPTURE_AUTORELEASING = YES;
				CLANG_WARN_BOOL_CONVERSION = YES;
				CLANG_WARN_COMMA = YES;
				CLANG_WARN_CONSTANT_CONVERSION = YES;
				CLANG_WARN_DEPRECATED_OBJC_IMPLEMENTATIONS = YES;
				CLANG_WARN_DIRECT_OBJC_ISA_USAGE = YES_ERROR;
				CLANG_WARN_DOCUMENTATION_COMMENTS = YES;
				CLANG_WARN_EMPTY_BODY = YES;
				CLANG_WARN_ENUM_CONVERSION = YES;
				CLANG_WARN_INFINITE_RECURSION = YES;
				CLANG_WARN_INT_CONVERSION = YES;
				CLANG_WARN_NON_LITERAL_NULL_CONVERSION = YES;
				CLANG_WARN_OBJC_IMPLICIT_RETAIN_SELF = YES;
				CLANG_WARN_OBJC_LITERAL_CONVERSION = YES;
				CLANG_WARN_OBJC_ROOT_CLASS = YES_ERROR;
				CLANG_WARN_QUOTED_INCLUDE_IN_FRAMEWORK_HEADER = YES;
				CLANG_WARN_RANGE_LOOP_ANALYSIS = YES;
				CLANG_WARN_STRICT_PROTOTYPES = YES;
				CLANG_WARN_SUSPICIOUS_MOVE = YES;
				CLANG_WARN_UNGUARDED_AVAILABILITY = YES_AGGRESSIVE;
				CLANG_WARN_UNREACHABLE_CODE = YES;
				CLANG_WARN__DUPLICATE_METHOD_MATCH = YES;
				COPY_PHASE_STRIP = NO;
				DEBUG_INFORMATION_FORMAT = "dwarf-with-dsym";
				ENABLE_NS_ASSERTIONS = NO;
				ENABLE_STRICT_OBJC_MSGSEND = YES;
				GCC_C_LANGUAGE_STANDARD = gnu11;
				GCC_NO_COMMON_BLOCKS = YES;
				GCC_WARN_64_TO_32_BIT_CONVERSION = YES;
				GCC_WARN_ABOUT_RETURN_TYPE = YES_ERROR;
				GCC_WARN_UNDECLARED_SELECTOR = YES;
				GCC_WARN_UNINITIALIZED_AUTOS = YES_AGGRESSIVE;
				GCC_WARN_UNUSED_FUNCTION = YES;
				GCC_WARN_UNUSED_VARIABLE = YES;
				IPHONEOS_DEPLOYMENT_TARGET = 14.5;
				MTL_ENABLE_DEBUG_INFO = NO;
				MTL_FAST_MATH = YES;
				SDKROOT = iphoneos;
				SWIFT_COMPILATION_MODE = wholemodule;
				SWIFT_OPTIMIZATION_LEVEL = "-O";
				VALIDATE_PRODUCT = YES;
			};
			name = Release;
		};
		AD0778FC26D9338700B8F9F6 /* Debug */ = {
			isa = XCBuildConfiguration;
			buildSettings = {
				ASSETCATALOG_COMPILER_APPICON_NAME = AppIcon;
				ASSETCATALOG_COMPILER_GLOBAL_ACCENT_COLOR_NAME = AccentColor;
				CODE_SIGN_STYLE = Automatic;
				INFOPLIST_FILE = prework/Info.plist;
				LD_RUNPATH_SEARCH_PATHS = (
					"$(inherited)",
					"@executable_path/Frameworks",
				);
				PRODUCT_BUNDLE_IDENTIFIER = codepath.prework;
				PRODUCT_NAME = "$(TARGET_NAME)";
				SWIFT_VERSION = 5.0;
				TARGETED_DEVICE_FAMILY = "1,2";
			};
			name = Debug;
		};
		AD0778FD26D9338700B8F9F6 /* Release */ = {
			isa = XCBuildConfiguration;
			buildSettings = {
				ASSETCATALOG_COMPILER_APPICON_NAME = AppIcon;
				ASSETCATALOG_COMPILER_GLOBAL_ACCENT_COLOR_NAME = AccentColor;
				CODE_SIGN_STYLE = Automatic;
				INFOPLIST_FILE = prework/Info.plist;
				LD_RUNPATH_SEARCH_PATHS = (
					"$(inherited)",
					"@executable_path/Frameworks",
				);
				PRODUCT_BUNDLE_IDENTIFIER = codepath.prework;
				PRODUCT_NAME = "$(TARGET_NAME)";
				SWIFT_VERSION = 5.0;
				TARGETED_DEVICE_FAMILY = "1,2";
			};
			name = Release;
		};
		AD0778FF26D9338700B8F9F6 /* Debug */ = {
			isa = XCBuildConfiguration;
			buildSettings = {
				ALWAYS_EMBED_SWIFT_STANDARD_LIBRARIES = YES;
				BUNDLE_LOADER = "$(TEST_HOST)";
				CODE_SIGN_STYLE = Automatic;
				INFOPLIST_FILE = preworkTests/Info.plist;
				IPHONEOS_DEPLOYMENT_TARGET = 14.5;
				LD_RUNPATH_SEARCH_PATHS = (
					"$(inherited)",
					"@executable_path/Frameworks",
					"@loader_path/Frameworks",
				);
				PRODUCT_BUNDLE_IDENTIFIER = codepath.preworkTests;
				PRODUCT_NAME = "$(TARGET_NAME)";
				SWIFT_VERSION = 5.0;
				TARGETED_DEVICE_FAMILY = "1,2";
				TEST_HOST = "$(BUILT_PRODUCTS_DIR)/prework.app/prework";
			};
			name = Debug;
		};
		AD07790026D9338700B8F9F6 /* Release */ = {
			isa = XCBuildConfiguration;
			buildSettings = {
				ALWAYS_EMBED_SWIFT_STANDARD_LIBRARIES = YES;
				BUNDLE_LOADER = "$(TEST_HOST)";
				CODE_SIGN_STYLE = Automatic;
				INFOPLIST_FILE = preworkTests/Info.plist;
				IPHONEOS_DEPLOYMENT_TARGET = 14.5;
				LD_RUNPATH_SEARCH_PATHS = (
					"$(inherited)",
					"@executable_path/Frameworks",
					"@loader_path/Frameworks",
				);
				PRODUCT_BUNDLE_IDENTIFIER = codepath.preworkTests;
				PRODUCT_NAME = "$(TARGET_NAME)";
				SWIFT_VERSION = 5.0;
				TARGETED_DEVICE_FAMILY = "1,2";
				TEST_HOST = "$(BUILT_PRODUCTS_DIR)/prework.app/prework";
			};
			name = Release;
		};
		AD07790226D9338700B8F9F6 /* Debug */ = {
			isa = XCBuildConfiguration;
			buildSettings = {
				ALWAYS_EMBED_SWIFT_STANDARD_LIBRARIES = YES;
				CODE_SIGN_STYLE = Automatic;
				INFOPLIST_FILE = preworkUITests/Info.plist;
				LD_RUNPATH_SEARCH_PATHS = (
					"$(inherited)",
					"@executable_path/Frameworks",
					"@loader_path/Frameworks",
				);
				PRODUCT_BUNDLE_IDENTIFIER = codepath.preworkUITests;
				PRODUCT_NAME = "$(TARGET_NAME)";
				SWIFT_VERSION = 5.0;
				TARGETED_DEVICE_FAMILY = "1,2";
				TEST_TARGET_NAME = prework;
			};
			name = Debug;
		};
		AD07790326D9338700B8F9F6 /* Release */ = {
			isa = XCBuildConfiguration;
			buildSettings = {
				ALWAYS_EMBED_SWIFT_STANDARD_LIBRARIES = YES;
				CODE_SIGN_STYLE = Automatic;
				INFOPLIST_FILE = preworkUITests/Info.plist;
				LD_RUNPATH_SEARCH_PATHS = (
					"$(inherited)",
					"@executable_path/Frameworks",
					"@loader_path/Frameworks",
				);
				PRODUCT_BUNDLE_IDENTIFIER = codepath.preworkUITests;
				PRODUCT_NAME = "$(TARGET_NAME)";
				SWIFT_VERSION = 5.0;
				TARGETED_DEVICE_FAMILY = "1,2";
				TEST_TARGET_NAME = prework;
			};
			name = Release;
		};
/* End XCBuildConfiguration section */

/* Begin XCConfigurationList section */
		AD0778CC26D9338600B8F9F6 /* Build configuration list for PBXProject "prework" */ = {
			isa = XCConfigurationList;
			buildConfigurations = (
				AD0778F926D9338700B8F9F6 /* Debug */,
				AD0778FA26D9338700B8F9F6 /* Release */,
			);
			defaultConfigurationIsVisible = 0;
			defaultConfigurationName = Release;
		};
		AD0778FB26D9338700B8F9F6 /* Build configuration list for PBXNativeTarget "prework" */ = {
			isa = XCConfigurationList;
			buildConfigurations = (
				AD0778FC26D9338700B8F9F6 /* Debug */,
				AD0778FD26D9338700B8F9F6 /* Release */,
			);
			defaultConfigurationIsVisible = 0;
			defaultConfigurationName = Release;
		};
		AD0778FE26D9338700B8F9F6 /* Build configuration list for PBXNativeTarget "preworkTests" */ = {
			isa = XCConfigurationList;
			buildConfigurations = (
				AD0778FF26D9338700B8F9F6 /* Debug */,
				AD07790026D9338700B8F9F6 /* Release */,
			);
			defaultConfigurationIsVisible = 0;
			defaultConfigurationName = Release;
		};
		AD07790126D9338700B8F9F6 /* Build configuration list for PBXNativeTarget "preworkUITests" */ = {
			isa = XCConfigurationList;
			buildConfigurations = (
				AD07790226D9338700B8F9F6 /* Debug */,
				AD07790326D9338700B8F9F6 /* Release */,
			);
			defaultConfigurationIsVisible = 0;
			defaultConfigurationName = Release;
		};
/* End XCConfigurationList section */
	};
	rootObject = AD0778C926D9338600B8F9F6 /* Project object */;
}
